// !$*UTF8*$!
{
	archiveVersion = 1;
	classes = {
	};
	objectVersion = 48;
	objects = {

/* Begin PBXBuildFile section */
		62E073511FB3A1DA00D6D57C /* AppDelegate.swift in Sources */ = {isa = PBXBuildFile; fileRef = 62E073501FB3A1DA00D6D57C /* AppDelegate.swift */; };
		62E073531FB3A1DA00D6D57C /* DocumentBrowserViewController.swift in Sources */ = {isa = PBXBuildFile; fileRef = 62E073521FB3A1DA00D6D57C /* DocumentBrowserViewController.swift */; };
		62E073551FB3A1DA00D6D57C /* DocumentViewController.swift in Sources */ = {isa = PBXBuildFile; fileRef = 62E073541FB3A1DA00D6D57C /* DocumentViewController.swift */; };
		62E073571FB3A1DA00D6D57C /* Document.swift in Sources */ = {isa = PBXBuildFile; fileRef = 62E073561FB3A1DA00D6D57C /* Document.swift */; };
		62E0735A1FB3A1DA00D6D57C /* Main.storyboard in Resources */ = {isa = PBXBuildFile; fileRef = 62E073581FB3A1DA00D6D57C /* Main.storyboard */; };
		62E0735C1FB3A1DA00D6D57C /* Assets.xcassets in Resources */ = {isa = PBXBuildFile; fileRef = 62E0735B1FB3A1DA00D6D57C /* Assets.xcassets */; };
		62E0735F1FB3A1DA00D6D57C /* LaunchScreen.storyboard in Resources */ = {isa = PBXBuildFile; fileRef = 62E0735D1FB3A1DA00D6D57C /* LaunchScreen.storyboard */; };
/* End PBXBuildFile section */

/* Begin PBXFileReference section */
		62E0734D1FB3A1DA00D6D57C /* SimpleDBA.app */ = {isa = PBXFileReference; explicitFileType = wrapper.application; includeInIndex = 0; path = SimpleDBA.app; sourceTree = BUILT_PRODUCTS_DIR; };
		62E073501FB3A1DA00D6D57C /* AppDelegate.swift */ = {isa = PBXFileReference; lastKnownFileType = sourcecode.swift; path = AppDelegate.swift; sourceTree = "<group>"; };
		62E073521FB3A1DA00D6D57C /* DocumentBrowserViewController.swift */ = {isa = PBXFileReference; lastKnownFileType = sourcecode.swift; path = DocumentBrowserViewController.swift; sourceTree = "<group>"; };
		62E073541FB3A1DA00D6D57C /* DocumentViewController.swift */ = {isa = PBXFileReference; lastKnownFileType = sourcecode.swift; path = DocumentViewController.swift; sourceTree = "<group>"; };
		62E073561FB3A1DA00D6D57C /* Document.swift */ = {isa = PBXFileReference; lastKnownFileType = sourcecode.swift; path = Document.swift; sourceTree = "<group>"; };
		62E073591FB3A1DA00D6D57C /* Base */ = {isa = PBXFileReference; lastKnownFileType = file.storyboard; name = Base; path = Base.lproj/Main.storyboard; sourceTree = "<group>"; };
		62E0735B1FB3A1DA00D6D57C /* Assets.xcassets */ = {isa = PBXFileReference; lastKnownFileType = folder.assetcatalog; path = Assets.xcassets; sourceTree = "<group>"; };
		62E0735E1FB3A1DA00D6D57C /* Base */ = {isa = PBXFileReference; lastKnownFileType = file.storyboard; name = Base; path = Base.lproj/LaunchScreen.storyboard; sourceTree = "<group>"; };
		62E073601FB3A1DA00D6D57C /* Info.plist */ = {isa = PBXFileReference; lastKnownFileType = text.plist.xml; path = Info.plist; sourceTree = "<group>"; };
/* End PBXFileReference section */

/* Begin PBXFrameworksBuildPhase section */
		62E0734A1FB3A1DA00D6D57C /* Frameworks */ = {
			isa = PBXFrameworksBuildPhase;
			buildActionMask = 2147483647;
			files = (
			);
			runOnlyForDeploymentPostprocessing = 0;
		};
/* End PBXFrameworksBuildPhase section */

/* Begin PBXGroup section */
		62E073441FB3A1DA00D6D57C = {
			isa = PBXGroup;
			children = (
				62E0734F1FB3A1DA00D6D57C /* SimpleDBA */,
				62E0734E1FB3A1DA00D6D57C /* Products */,
			);
			sourceTree = "<group>";
		};
		62E0734E1FB3A1DA00D6D57C /* Products */ = {
			isa = PBXGroup;
			children = (
				62E0734D1FB3A1DA00D6D57C /* SimpleDBA.app */,
			);
			name = Products;
			sourceTree = "<group>";
		};
		62E0734F1FB3A1DA00D6D57C /* SimpleDBA */ = {
			isa = PBXGroup;
			children = (
				62E073501FB3A1DA00D6D57C /* AppDelegate.swift */,
				62E073521FB3A1DA00D6D57C /* DocumentBrowserViewController.swift */,
				62E073541FB3A1DA00D6D57C /* DocumentViewController.swift */,
				62E073561FB3A1DA00D6D57C /* Document.swift */,
				62E073581FB3A1DA00D6D57C /* Main.storyboard */,
				62E0735B1FB3A1DA00D6D57C /* Assets.xcassets */,
				62E0735D1FB3A1DA00D6D57C /* LaunchScreen.storyboard */,
				62E073601FB3A1DA00D6D57C /* Info.plist */,
			);
			path = SimpleDBA;
			sourceTree = "<group>";
		};
/* End PBXGroup section */

/* Begin PBXNativeTarget section */
		62E0734C1FB3A1DA00D6D57C /* SimpleDBA */ = {
			isa = PBXNativeTarget;
			buildConfigurationList = 62E073631FB3A1DA00D6D57C /* Build configuration list for PBXNativeTarget "SimpleDBA" */;
			buildPhases = (
				62E073491FB3A1DA00D6D57C /* Sources */,
				62E0734A1FB3A1DA00D6D57C /* Frameworks */,
				62E0734B1FB3A1DA00D6D57C /* Resources */,
			);
			buildRules = (
			);
			dependencies = (
			);
			name = SimpleDBA;
			productName = SimpleDBA;
			productReference = 62E0734D1FB3A1DA00D6D57C /* SimpleDBA.app */;
			productType = "com.apple.product-type.application";
		};
/* End PBXNativeTarget section */

/* Begin PBXProject section */
		62E073451FB3A1DA00D6D57C /* Project object */ = {
			isa = PBXProject;
			attributes = {
				LastSwiftUpdateCheck = 0910;
				LastUpgradeCheck = 0910;
				ORGANIZATIONNAME = "Taiwen Jin";
				TargetAttributes = {
					62E0734C1FB3A1DA00D6D57C = {
						CreatedOnToolsVersion = 9.1;
						ProvisioningStyle = Automatic;
					};
				};
			};
			buildConfigurationList = 62E073481FB3A1DA00D6D57C /* Build configuration list for PBXProject "SimpleDBA" */;
			compatibilityVersion = "Xcode 8.0";
			developmentRegion = en;
			hasScannedForEncodings = 0;
			knownRegions = (
				en,
				Base,
			);
			mainGroup = 62E073441FB3A1DA00D6D57C;
			productRefGroup = 62E0734E1FB3A1DA00D6D57C /* Products */;
			projectDirPath = "";
			projectRoot = "";
			targets = (
				62E0734C1FB3A1DA00D6D57C /* SimpleDBA */,
			);
		};
/* End PBXProject section */

/* Begin PBXResourcesBuildPhase section */
		62E0734B1FB3A1DA00D6D57C /* Resources */ = {
			isa = PBXResourcesBuildPhase;
			buildActionMask = 2147483647;
			files = (
				62E0735F1FB3A1DA00D6D57C /* LaunchScreen.storyboard in Resources */,
				62E0735C1FB3A1DA00D6D57C /* Assets.xcassets in Resources */,
				62E0735A1FB3A1DA00D6D57C /* Main.storyboard in Resources */,
			);
			runOnlyForDeploymentPostprocessing = 0;
		};
/* End PBXResourcesBuildPhase section */

/* Begin PBXSourcesBuildPhase section */
		62E073491FB3A1DA00D6D57C /* Sources */ = {
			isa = PBXSourcesBuildPhase;
			buildActionMask = 2147483647;
			files = (
				62E073571FB3A1DA00D6D57C /* Document.swift in Sources */,
				62E073551FB3A1DA00D6D57C /* DocumentViewController.swift in Sources */,
				62E073531FB3A1DA00D6D57C /* DocumentBrowserViewController.swift in Sources */,
				62E073511FB3A1DA00D6D57C /* AppDelegate.swift in Sources */,
			);
			runOnlyForDeploymentPostprocessing = 0;
		};
/* End PBXSourcesBuildPhase section */

/* Begin PBXVariantGroup section */
		62E073581FB3A1DA00D6D57C /* Main.storyboard */ = {
			isa = PBXVariantGroup;
			children = (
				62E073591FB3A1DA00D6D57C /* Base */,
			);
			name = Main.storyboard;
			sourceTree = "<group>";
		};
		62E0735D1FB3A1DA00D6D57C /* LaunchScreen.storyboard */ = {
			isa = PBXVariantGroup;
			children = (
				62E0735E1FB3A1DA00D6D57C /* Base */,
			);
			name = LaunchScreen.storyboard;
			sourceTree = "<group>";
		};
/* End PBXVariantGroup section */

/* Begin XCBuildConfiguration section */
		62E073611FB3A1DA00D6D57C /* Debug */ = {
			isa = XCBuildConfiguration;
			buildSettings = {
				ALWAYS_SEARCH_USER_PATHS = NO;
				CLANG_ANALYZER_NONNULL = YES;
				CLANG_ANALYZER_NUMBER_OBJECT_CONVERSION = YES_AGGRESSIVE;
				CLANG_CXX_LANGUAGE_STANDARD = "gnu++14";
				CLANG_CXX_LIBRARY = "libc++";
				CLANG_ENABLE_MODULES = YES;
				CLANG_ENABLE_OBJC_ARC = YES;
				CLANG_WARN_BLOCK_CAPTURE_AUTORELEASING = YES;
				CLANG_WARN_BOOL_CONVERSION = YES;
				CLANG_WARN_COMMA = YES;
				CLANG_WARN_CONSTANT_CONVERSION = YES;
				CLANG_WARN_DIRECT_OBJC_ISA_USAGE = YES_ERROR;
				CLANG_WARN_DOCUMENTATION_COMMENTS = YES;
				CLANG_WARN_EMPTY_BODY = YES;
				CLANG_WARN_ENUM_CONVERSION = YES;
				CLANG_WARN_INFINITE_RECURSION = YES;
				CLANG_WARN_INT_CONVERSION = YES;
				CLANG_WARN_NON_LITERAL_NULL_CONVERSION = YES;
				CLANG_WARN_OBJC_LITERAL_CONVERSION = YES;
				CLANG_WARN_OBJC_ROOT_CLASS = YES_ERROR;
				CLANG_WARN_RANGE_LOOP_ANALYSIS = YES;
				CLANG_WARN_STRICT_PROTOTYPES = YES;
				CLANG_WARN_SUSPICIOUS_MOVE = YES;
				CLANG_WARN_UNGUARDED_AVAILABILITY = YES_AGGRESSIVE;
				CLANG_WARN_UNREACHABLE_CODE = YES;
				CLANG_WARN__DUPLICATE_METHOD_MATCH = YES;
				CODE_SIGN_IDENTITY = "iPhone Developer";
				COPY_PHASE_STRIP = NO;
				DEBUG_INFORMATION_FORMAT = dwarf;
				ENABLE_STRICT_OBJC_MSGSEND = YES;
				ENABLE_TESTABILITY = YES;
				GCC_C_LANGUAGE_STANDARD = gnu11;
				GCC_DYNAMIC_NO_PIC = NO;
				GCC_NO_COMMON_BLOCKS = YES;
				GCC_OPTIMIZATION_LEVEL = 0;
				GCC_PREPROCESSOR_DEFINITIONS = (
					"DEBUG=1",
					"$(inherited)",
				);
				GCC_WARN_64_TO_32_BIT_CONVERSION = YES;
				GCC_WARN_ABOUT_RETURN_TYPE = YES_ERROR;
				GCC_WARN_UNDECLARED_SELECTOR = YES;
				GCC_WARN_UNINITIALIZED_AUTOS = YES_AGGRESSIVE;
				GCC_WARN_UNUSED_FUNCTION = YES;
				GCC_WARN_UNUSED_VARIABLE = YES;
				IPHONEOS_DEPLOYMENT_TARGET = 11.1;
				MTL_ENABLE_DEBUG_INFO = YES;
				ONLY_ACTIVE_ARCH = YES;
				SDKROOT = iphoneos;
				SWIFT_ACTIVE_COMPILATION_CONDITIONS = DEBUG;
				SWIFT_OPTIMIZATION_LEVEL = "-Onone";
			};
			name = Debug;
		};
		62E073621FB3A1DA00D6D57C /* Release */ = {
			isa = XCBuildConfiguration;
			buildSettings = {
				ALWAYS_SEARCH_USER_PATHS = NO;
				CLANG_ANALYZER_NONNULL = YES;
				CLANG_ANALYZER_NUMBER_OBJECT_CONVERSION = YES_AGGRESSIVE;
				CLANG_CXX_LANGUAGE_STANDARD = "gnu++14";
				CLANG_CXX_LIBRARY = "libc++";
				CLANG_ENABLE_MODULES = YES;
				CLANG_ENABLE_OBJC_ARC = YES;
				CLANG_WARN_BLOCK_CAPTURE_AUTORELEASING = YES;
				CLANG_WARN_BOOL_CONVERSION = YES;
				CLANG_WARN_COMMA = YES;
				CLANG_WARN_CONSTANT_CONVERSION = YES;
				CLANG_WARN_DIRECT_OBJC_ISA_USAGE = YES_ERROR;
				CLANG_WARN_DOCUMENTATION_COMMENTS = YES;
				CLANG_WARN_EMPTY_BODY = YES;
				CLANG_WARN_ENUM_CONVERSION = YES;
				CLANG_WARN_INFINITE_RECURSION = YES;
				CLANG_WARN_INT_CONVERSION = YES;
				CLANG_WARN_NON_LITERAL_NULL_CONVERSION = YES;
				CLANG_WARN_OBJC_LITERAL_CONVERSION = YES;
				CLANG_WARN_OBJC_ROOT_CLASS = YES_ERROR;
				CLANG_WARN_RANGE_LOOP_ANALYSIS = YES;
				CLANG_WARN_STRICT_PROTOTYPES = YES;
				CLANG_WARN_SUSPICIOUS_MOVE = YES;
				CLANG_WARN_UNGUARDED_AVAILABILITY = YES_AGGRESSIVE;
				CLANG_WARN_UNREACHABLE_CODE = YES;
				CLANG_WARN__DUPLICATE_METHOD_MATCH = YES;
				CODE_SIGN_IDENTITY = "iPhone Developer";
				COPY_PHASE_STRIP = NO;
				DEBUG_INFORMATION_FORMAT = "dwarf-with-dsym";
				ENABLE_NS_ASSERTIONS = NO;
				ENABLE_STRICT_OBJC_MSGSEND = YES;
				GCC_C_LANGUAGE_STANDARD = gnu11;
				GCC_NO_COMMON_BLOCKS = YES;
				GCC_WARN_64_TO_32_BIT_CONVERSION = YES;
				GCC_WARN_ABOUT_RETURN_TYPE = YES_ERROR;
				GCC_WARN_UNDECLARED_SELECTOR = YES;
				GCC_WARN_UNINITIALIZED_AUTOS = YES_AGGRESSIVE;
				GCC_WARN_UNUSED_FUNCTION = YES;
				GCC_WARN_UNUSED_VARIABLE = YES;
				IPHONEOS_DEPLOYMENT_TARGET = 11.1;
				MTL_ENABLE_DEBUG_INFO = NO;
				SDKROOT = iphoneos;
				SWIFT_OPTIMIZATION_LEVEL = "-Owholemodule";
				VALIDATE_PRODUCT = YES;
			};
			name = Release;
		};
		62E073641FB3A1DA00D6D57C /* Debug */ = {
			isa = XCBuildConfiguration;
			buildSettings = {
				ASSETCATALOG_COMPILER_APPICON_NAME = AppIcon;
				CODE_SIGN_STYLE = Automatic;
				DEVELOPMENT_TEAM = C34536CJNF;
				INFOPLIST_FILE = SimpleDBA/Info.plist;
				LD_RUNPATH_SEARCH_PATHS = "$(inherited) @executable_path/Frameworks";
				PRODUCT_BUNDLE_IDENTIFIER = pro.taiwen.SimpleDBA;
				PRODUCT_NAME = "$(TARGET_NAME)";
				SWIFT_VERSION = 4.0;
				TARGETED_DEVICE_FAMILY = "1,2";
			};
			name = Debug;
		};
		62E073651FB3A1DA00D6D57C /* Release */ = {
			isa = XCBuildConfiguration;
			buildSettings = {
				ASSETCATALOG_COMPILER_APPICON_NAME = AppIcon;
				CODE_SIGN_STYLE = Automatic;
				DEVELOPMENT_TEAM = C34536CJNF;
				INFOPLIST_FILE = SimpleDBA/Info.plist;
				LD_RUNPATH_SEARCH_PATHS = "$(inherited) @executable_path/Frameworks";
				PRODUCT_BUNDLE_IDENTIFIER = pro.taiwen.SimpleDBA;
				PRODUCT_NAME = "$(TARGET_NAME)";
				SWIFT_VERSION = 4.0;
				TARGETED_DEVICE_FAMILY = "1,2";
			};
			name = Release;
		};
/* End XCBuildConfiguration section */

/* Begin XCConfigurationList section */
		62E073481FB3A1DA00D6D57C /* Build configuration list for PBXProject "SimpleDBA" */ = {
			isa = XCConfigurationList;
			buildConfigurations = (
				62E073611FB3A1DA00D6D57C /* Debug */,
				62E073621FB3A1DA00D6D57C /* Release */,
			);
			defaultConfigurationIsVisible = 0;
			defaultConfigurationName = Release;
		};
		62E073631FB3A1DA00D6D57C /* Build configuration list for PBXNativeTarget "SimpleDBA" */ = {
			isa = XCConfigurationList;
			buildConfigurations = (
				62E073641FB3A1DA00D6D57C /* Debug */,
				62E073651FB3A1DA00D6D57C /* Release */,
			);
			defaultConfigurationIsVisible = 0;
			defaultConfigurationName = Release;
		};
/* End XCConfigurationList section */
	};
	rootObject = 62E073451FB3A1DA00D6D57C /* Project object */;
}
